{
  "name": "верстка по макету",
  "lockfileVersion": 3,
  "requires": true,
  "packages": {
    "": {
      "dependencies": {
        "@fontsource-variable/dm-sans": "^5.2.8",
        "@fontsource/dm-sans": "^5.2.8"
      }
    },
    "node_modules/@fontsource-variable/dm-sans": {
      "version": "5.2.8",
      "resolved": "https://registry.npmjs.org/@fontsource-variable/dm-sans/-/dm-sans-5.2.8.tgz",
      "integrity": "sha512-AxkvMTvNWgfrmlyjiV05vlHYJa+nRQCf1EfvIrQAPBpFJW0O9VTz7oAFr9S3lvbWdmnFoBk7yFqQL86u64nl2g==",
      "license": "OFL-1.1",
      "funding": {
        "url": "https://github.com/sponsors/ayuhito"
      }
    },
    "node_modules/@fontsource/dm-sans": {
      "version": "5.2.8",
      "resolved": "https://registry.npmjs.org/@fontsource/dm-sans/-/dm-sans-5.2.8.tgz",
      "integrity": "sha512-tlovG42m9ESG28WiHpLq3F5umAlm64rv0RkqTbYowRn70e9OlRr5a3yTJhrhrY+k5lftR/OFJjPzOLQzk8EfCA==",
      "license": "OFL-1.1",
      "funding": {
        "url": "https://github.com/sponsors/ayuhito"
      }
    }
  }
}
